
Microsoft Visual Studio Solution File, Format Version 12.00
# Visual Studio Version 17
VisualStudioVersion = 17.10.35027.167
MinimumVisualStudioVersion = 10.0.40219.1
Project("{FAE04EC0-301F-11D3-BF4B-00C04F79EFBC}") = "Refactoring-Generic", "Refactoring-Generic\Refactoring-Generic.csproj", "{674F91DC-BE46-4BE1-BC32-356AED5F0402}"
EndProject
Global
	GlobalSection(SolutionConfigurationPlatforms) = preSolution
		Debug|Any CPU = Debug|Any CPU
		Release|Any CPU = Release|Any CPU
	EndGlobalSection
	GlobalSection(ProjectConfigurationPlatforms) = postSolution
		{674F91DC-BE46-4BE1-BC32-356AED5F0402}.Debug|Any CPU.ActiveCfg = Debug|Any CPU
		{674F91DC-BE46-4BE1-BC32-356AED5F0402}.Debug|Any CPU.Build.0 = Debug|Any CPU
		{674F91DC-BE46-4BE1-BC32-356AED5F0402}.Release|Any CPU.ActiveCfg = Release|Any CPU
		{674F91DC-BE46-4BE1-BC32-356AED5F0402}.Release|Any CPU.Build.0 = Release|Any CPU
	EndGlobalSection
	GlobalSection(SolutionProperties) = preSolution
		HideSolutionNode = FALSE
	EndGlobalSection
	GlobalSection(ExtensibilityGlobals) = postSolution
		SolutionGuid = {21239F5C-C1A1-4F7D-AB19-413D14A2C208}
	EndGlobalSection
EndGlobal
